// !$*UTF8*$!
{
	archiveVersion = 1;
	classes = {
	};
	objectVersion = 48;
	objects = {

/* Begin PBXBuildFile section */
		A9F8E7A7D05D1054422D6603 /* Pods_CircleTicket.framework in Frameworks */ = {isa = PBXBuildFile; fileRef = 563D594D08BA15E108BAA2E9 /* Pods_CircleTicket.framework */; };
		E303274A2038B70900762266 /* AppDelegate.swift in Sources */ = {isa = PBXBuildFile; fileRef = E30327492038B70900762266 /* AppDelegate.swift */; };
		E303274C2038B70900762266 /* ViewController.swift in Sources */ = {isa = PBXBuildFile; fileRef = E303274B2038B70900762266 /* ViewController.swift */; };
		E303274E2038B70900762266 /* Assets.xcassets in Resources */ = {isa = PBXBuildFile; fileRef = E303274D2038B70900762266 /* Assets.xcassets */; };
		E30327512038B70900762266 /* Main.storyboard in Resources */ = {isa = PBXBuildFile; fileRef = E303274F2038B70900762266 /* Main.storyboard */; };
		E3722BAD2040570300179A6C /* README.md in Resources */ = {isa = PBXBuildFile; fileRef = E3722BAC2040570300179A6C /* README.md */; };
/* End PBXBuildFile section */

/* Begin PBXFileReference section */
		11F75007D7A439C975BC86F8 /* Pods-CircleTicket.debug.xcconfig */ = {isa = PBXFileReference; includeInIndex = 1; lastKnownFileType = text.xcconfig; name = "Pods-CircleTicket.debug.xcconfig"; path = "Pods/Target Support Files/Pods-CircleTicket/Pods-CircleTicket.debug.xcconfig"; sourceTree = "<group>"; };
		563D594D08BA15E108BAA2E9 /* Pods_CircleTicket.framework */ = {isa = PBXFileReference; explicitFileType = wrapper.framework; includeInIndex = 0; path = Pods_CircleTicket.framework; sourceTree = BUILT_PRODUCTS_DIR; };
		7ED1338D08C129F85A21E6B2 /* Pods-CircleTicket.release.xcconfig */ = {isa = PBXFileReference; includeInIndex = 1; lastKnownFileType = text.xcconfig; name = "Pods-CircleTicket.release.xcconfig"; path = "Pods/Target Support Files/Pods-CircleTicket/Pods-CircleTicket.release.xcconfig"; sourceTree = "<group>"; };
		E30327462038B70900762266 /* CircleTicket.app */ = {isa = PBXFileReference; explicitFileType = wrapper.application; includeInIndex = 0; path = CircleTicket.app; sourceTree = BUILT_PRODUCTS_DIR; };
		E30327492038B70900762266 /* AppDelegate.swift */ = {isa = PBXFileReference; lastKnownFileType = sourcecode.swift; path = AppDelegate.swift; sourceTree = "<group>"; };
		E303274B2038B70900762266 /* ViewController.swift */ = {isa = PBXFileReference; lastKnownFileType = sourcecode.swift; path = ViewController.swift; sourceTree = "<group>"; };
		E303274D2038B70900762266 /* Assets.xcassets */ = {isa = PBXFileReference; lastKnownFileType = folder.assetcatalog; path = Assets.xcassets; sourceTree = "<group>"; };
		E30327502038B70900762266 /* Base */ = {isa = PBXFileReference; lastKnownFileType = file.storyboard; name = Base; path = Base.lproj/Main.storyboard; sourceTree = "<group>"; };
		E30327522038B70900762266 /* Info.plist */ = {isa = PBXFileReference; lastKnownFileType = text.plist.xml; path = Info.plist; sourceTree = "<group>"; };
		E3722BAC2040570300179A6C /* README.md */ = {isa = PBXFileReference; fileEncoding = 4; lastKnownFileType = net.daringfireball.markdown; path = README.md; sourceTree = "<group>"; };
/* End PBXFileReference section */

/* Begin PBXFrameworksBuildPhase section */
		E30327432038B70900762266 /* Frameworks */ = {
			isa = PBXFrameworksBuildPhase;
			buildActionMask = 2147483647;
			files = (
				A9F8E7A7D05D1054422D6603 /* Pods_CircleTicket.framework in Frameworks */,
			);
			runOnlyForDeploymentPostprocessing = 0;
		};
/* End PBXFrameworksBuildPhase section */

/* Begin PBXGroup section */
		20283DC017EF5C74AFF592C4 /* Frameworks */ = {
			isa = PBXGroup;
			children = (
				563D594D08BA15E108BAA2E9 /* Pods_CircleTicket.framework */,
			);
			name = Frameworks;
			sourceTree = "<group>";
		};
		D5FA8EEBB1A2744EDD207ACC /* Pods */ = {
			isa = PBXGroup;
			children = (
				11F75007D7A439C975BC86F8 /* Pods-CircleTicket.debug.xcconfig */,
				7ED1338D08C129F85A21E6B2 /* Pods-CircleTicket.release.xcconfig */,
			);
			name = Pods;
			sourceTree = "<group>";
		};
		E303273D2038B70900762266 = {
			isa = PBXGroup;
			children = (
				E3722BAC2040570300179A6C /* README.md */,
				E30327482038B70900762266 /* CircleTicket */,
				E30327472038B70900762266 /* Products */,
				D5FA8EEBB1A2744EDD207ACC /* Pods */,
				20283DC017EF5C74AFF592C4 /* Frameworks */,
			);
			sourceTree = "<group>";
		};
		E30327472038B70900762266 /* Products */ = {
			isa = PBXGroup;
			children = (
				E30327462038B70900762266 /* CircleTicket.app */,
			);
			name = Products;
			sourceTree = "<group>";
		};
		E30327482038B70900762266 /* CircleTicket */ = {
			isa = PBXGroup;
			children = (
				E30327492038B70900762266 /* AppDelegate.swift */,
				E303274B2038B70900762266 /* ViewController.swift */,
				E303274D2038B70900762266 /* Assets.xcassets */,
				E303274F2038B70900762266 /* Main.storyboard */,
				E30327522038B70900762266 /* Info.plist */,
			);
			path = CircleTicket;
			sourceTree = "<group>";
		};
/* End PBXGroup section */

/* Begin PBXNativeTarget section */
		E30327452038B70900762266 /* CircleTicket */ = {
			isa = PBXNativeTarget;
			buildConfigurationList = E30327562038B70900762266 /* Build configuration list for PBXNativeTarget "CircleTicket" */;
			buildPhases = (
				CC0F7C79D3308DD5F53D35EF /* [CP] Check Pods Manifest.lock */,
				E30327422038B70900762266 /* Sources */,
				E30327432038B70900762266 /* Frameworks */,
				E30327442038B70900762266 /* Resources */,
				01FB69124219DAF4D7CAE2F3 /* [CP] Embed Pods Frameworks */,
				AAB653F0BAA648E233BCDE38 /* [CP] Copy Pods Resources */,
			);
			buildRules = (
			);
			dependencies = (
			);
			name = CircleTicket;
			productName = test3;
			productReference = E30327462038B70900762266 /* CircleTicket.app */;
			productType = "com.apple.product-type.application";
		};
/* End PBXNativeTarget section */

/* Begin PBXProject section */
		E303273E2038B70900762266 /* Project object */ = {
			isa = PBXProject;
			attributes = {
				LastSwiftUpdateCheck = 0920;
				LastUpgradeCheck = 0920;
				ORGANIZATIONNAME = natalii;
				TargetAttributes = {
					E30327452038B70900762266 = {
						CreatedOnToolsVersion = 9.2;
						ProvisioningStyle = Automatic;
					};
				};
			};
			buildConfigurationList = E30327412038B70900762266 /* Build configuration list for PBXProject "CircleTicket" */;
			compatibilityVersion = "Xcode 8.0";
			developmentRegion = en;
			hasScannedForEncodings = 0;
			knownRegions = (
				en,
				Base,
			);
			mainGroup = E303273D2038B70900762266;
			productRefGroup = E30327472038B70900762266 /* Products */;
			projectDirPath = "";
			projectRoot = "";
			targets = (
				E30327452038B70900762266 /* CircleTicket */,
			);
		};
/* End PBXProject section */

/* Begin PBXResourcesBuildPhase section */
		E30327442038B70900762266 /* Resources */ = {
			isa = PBXResourcesBuildPhase;
			buildActionMask = 2147483647;
			files = (
				E3722BAD2040570300179A6C /* README.md in Resources */,
				E303274E2038B70900762266 /* Assets.xcassets in Resources */,
				E30327512038B70900762266 /* Main.storyboard in Resources */,
			);
			runOnlyForDeploymentPostprocessing = 0;
		};
/* End PBXResourcesBuildPhase section */

/* Begin PBXShellScriptBuildPhase section */
		01FB69124219DAF4D7CAE2F3 /* [CP] Embed Pods Frameworks */ = {
			isa = PBXShellScriptBuildPhase;
			buildActionMask = 2147483647;
			files = (
			);
			inputPaths = (
				"${SRCROOT}/Pods/Target Support Files/Pods-CircleTicket/Pods-CircleTicket-frameworks.sh",
				"${BUILT_PRODUCTS_DIR}/SwiftSocket/SwiftSocket.framework",
			);
			name = "[CP] Embed Pods Frameworks";
			outputPaths = (
				"${TARGET_BUILD_DIR}/${FRAMEWORKS_FOLDER_PATH}/SwiftSocket.framework",
			);
			runOnlyForDeploymentPostprocessing = 0;
			shellPath = /bin/sh;
			shellScript = "\"${SRCROOT}/Pods/Target Support Files/Pods-CircleTicket/Pods-CircleTicket-frameworks.sh\"\n";
			showEnvVarsInLog = 0;
		};
		AAB653F0BAA648E233BCDE38 /* [CP] Copy Pods Resources */ = {
			isa = PBXShellScriptBuildPhase;
			buildActionMask = 2147483647;
			files = (
			);
			inputPaths = (
			);
			name = "[CP] Copy Pods Resources";
			outputPaths = (
			);
			runOnlyForDeploymentPostprocessing = 0;
			shellPath = /bin/sh;
			shellScript = "\"${SRCROOT}/Pods/Target Support Files/Pods-CircleTicket/Pods-CircleTicket-resources.sh\"\n";
			showEnvVarsInLog = 0;
		};
		CC0F7C79D3308DD5F53D35EF /* [CP] Check Pods Manifest.lock */ = {
			isa = PBXShellScriptBuildPhase;
			buildActionMask = 2147483647;
			files = (
			);
			inputPaths = (
				"${PODS_PODFILE_DIR_PATH}/Podfile.lock",
				"${PODS_ROOT}/Manifest.lock",
			);
			name = "[CP] Check Pods Manifest.lock";
			outputPaths = (
				"$(DERIVED_FILE_DIR)/Pods-CircleTicket-checkManifestLockResult.txt",
			);
			runOnlyForDeploymentPostprocessing = 0;
			shellPath = /bin/sh;
			shellScript = "diff \"${PODS_PODFILE_DIR_PATH}/Podfile.lock\" \"${PODS_ROOT}/Manifest.lock\" > /dev/null\nif [ $? != 0 ] ; then\n    # print error to STDERR\n    echo \"error: The sandbox is not in sync with the Podfile.lock. Run 'pod install' or update your CocoaPods installation.\" >&2\n    exit 1\nfi\n# This output is used by Xcode 'outputs' to avoid re-running this script phase.\necho \"SUCCESS\" > \"${SCRIPT_OUTPUT_FILE_0}\"\n";
			showEnvVarsInLog = 0;
		};
/* End PBXShellScriptBuildPhase section */

/* Begin PBXSourcesBuildPhase section */
		E30327422038B70900762266 /* Sources */ = {
			isa = PBXSourcesBuildPhase;
			buildActionMask = 2147483647;
			files = (
				E303274C2038B70900762266 /* ViewController.swift in Sources */,
				E303274A2038B70900762266 /* AppDelegate.swift in Sources */,
			);
			runOnlyForDeploymentPostprocessing = 0;
		};
/* End PBXSourcesBuildPhase section */

/* Begin PBXVariantGroup section */
		E303274F2038B70900762266 /* Main.storyboard */ = {
			isa = PBXVariantGroup;
			children = (
				E30327502038B70900762266 /* Base */,
			);
			name = Main.storyboard;
			sourceTree = "<group>";
		};
/* End PBXVariantGroup section */

/* Begin XCBuildConfiguration section */
		E30327542038B70900762266 /* Debug */ = {
			isa = XCBuildConfiguration;
			buildSettings = {
				ALWAYS_SEARCH_USER_PATHS = NO;
				CLANG_ANALYZER_NONNULL = YES;
				CLANG_ANALYZER_NUMBER_OBJECT_CONVERSION = YES_AGGRESSIVE;
				CLANG_CXX_LANGUAGE_STANDARD = "gnu++14";
				CLANG_CXX_LIBRARY = "libc++";
				CLANG_ENABLE_MODULES = YES;
				CLANG_ENABLE_OBJC_ARC = YES;
				CLANG_WARN_BLOCK_CAPTURE_AUTORELEASING = YES;
				CLANG_WARN_BOOL_CONVERSION = YES;
				CLANG_WARN_COMMA = YES;
				CLANG_WARN_CONSTANT_CONVERSION = YES;
				CLANG_WARN_DIRECT_OBJC_ISA_USAGE = YES_ERROR;
				CLANG_WARN_DOCUMENTATION_COMMENTS = YES;
				CLANG_WARN_EMPTY_BODY = YES;
				CLANG_WARN_ENUM_CONVERSION = YES;
				CLANG_WARN_INFINITE_RECURSION = YES;
				CLANG_WARN_INT_CONVERSION = YES;
				CLANG_WARN_NON_LITERAL_NULL_CONVERSION = YES;
				CLANG_WARN_OBJC_LITERAL_CONVERSION = YES;
				CLANG_WARN_OBJC_ROOT_CLASS = YES_ERROR;
				CLANG_WARN_RANGE_LOOP_ANALYSIS = YES;
				CLANG_WARN_STRICT_PROTOTYPES = YES;
				CLANG_WARN_SUSPICIOUS_MOVE = YES;
				CLANG_WARN_UNGUARDED_AVAILABILITY = YES_AGGRESSIVE;
				CLANG_WARN_UNREACHABLE_CODE = YES;
				CLANG_WARN__DUPLICATE_METHOD_MATCH = YES;
				CODE_SIGN_IDENTITY = "Mac Developer";
				COPY_PHASE_STRIP = NO;
				DEBUG_INFORMATION_FORMAT = dwarf;
				ENABLE_STRICT_OBJC_MSGSEND = YES;
				ENABLE_TESTABILITY = YES;
				GCC_C_LANGUAGE_STANDARD = gnu11;
				GCC_DYNAMIC_NO_PIC = NO;
				GCC_NO_COMMON_BLOCKS = YES;
				GCC_OPTIMIZATION_LEVEL = 0;
				GCC_PREPROCESSOR_DEFINITIONS = (
					"DEBUG=1",
					"$(inherited)",
				);
				GCC_WARN_64_TO_32_BIT_CONVERSION = YES;
				GCC_WARN_ABOUT_RETURN_TYPE = YES_ERROR;
				GCC_WARN_UNDECLARED_SELECTOR = YES;
				GCC_WARN_UNINITIALIZED_AUTOS = YES_AGGRESSIVE;
				GCC_WARN_UNUSED_FUNCTION = YES;
				GCC_WARN_UNUSED_VARIABLE = YES;
				MACOSX_DEPLOYMENT_TARGET = 10.13;
				MTL_ENABLE_DEBUG_INFO = YES;
				ONLY_ACTIVE_ARCH = YES;
				SDKROOT = macosx;
				SWIFT_ACTIVE_COMPILATION_CONDITIONS = DEBUG;
				SWIFT_OPTIMIZATION_LEVEL = "-Onone";
			};
			name = Debug;
		};
		E30327552038B70900762266 /* Release */ = {
			isa = XCBuildConfiguration;
			buildSettings = {
				ALWAYS_SEARCH_USER_PATHS = NO;
				CLANG_ANALYZER_NONNULL = YES;
				CLANG_ANALYZER_NUMBER_OBJECT_CONVERSION = YES_AGGRESSIVE;
				CLANG_CXX_LANGUAGE_STANDARD = "gnu++14";
				CLANG_CXX_LIBRARY = "libc++";
				CLANG_ENABLE_MODULES = YES;
				CLANG_ENABLE_OBJC_ARC = YES;
				CLANG_WARN_BLOCK_CAPTURE_AUTORELEASING = YES;
				CLANG_WARN_BOOL_CONVERSION = YES;
				CLANG_WARN_COMMA = YES;
				CLANG_WARN_CONSTANT_CONVERSION = YES;
				CLANG_WARN_DIRECT_OBJC_ISA_USAGE = YES_ERROR;
				CLANG_WARN_DOCUMENTATION_COMMENTS = YES;
				CLANG_WARN_EMPTY_BODY = YES;
				CLANG_WARN_ENUM_CONVERSION = YES;
				CLANG_WARN_INFINITE_RECURSION = YES;
				CLANG_WARN_INT_CONVERSION = YES;
				CLANG_WARN_NON_LITERAL_NULL_CONVERSION = YES;
				CLANG_WARN_OBJC_LITERAL_CONVERSION = YES;
				CLANG_WARN_OBJC_ROOT_CLASS = YES_ERROR;
				CLANG_WARN_RANGE_LOOP_ANALYSIS = YES;
				CLANG_WARN_STRICT_PROTOTYPES = YES;
				CLANG_WARN_SUSPICIOUS_MOVE = YES;
				CLANG_WARN_UNGUARDED_AVAILABILITY = YES_AGGRESSIVE;
				CLANG_WARN_UNREACHABLE_CODE = YES;
				CLANG_WARN__DUPLICATE_METHOD_MATCH = YES;
				CODE_SIGN_IDENTITY = "Mac Developer";
				COPY_PHASE_STRIP = NO;
				DEBUG_INFORMATION_FORMAT = "dwarf-with-dsym";
				ENABLE_NS_ASSERTIONS = NO;
				ENABLE_STRICT_OBJC_MSGSEND = YES;
				GCC_C_LANGUAGE_STANDARD = gnu11;
				GCC_NO_COMMON_BLOCKS = YES;
				GCC_WARN_64_TO_32_BIT_CONVERSION = YES;
				GCC_WARN_ABOUT_RETURN_TYPE = YES_ERROR;
				GCC_WARN_UNDECLARED_SELECTOR = YES;
				GCC_WARN_UNINITIALIZED_AUTOS = YES_AGGRESSIVE;
				GCC_WARN_UNUSED_FUNCTION = YES;
				GCC_WARN_UNUSED_VARIABLE = YES;
				MACOSX_DEPLOYMENT_TARGET = 10.13;
				MTL_ENABLE_DEBUG_INFO = NO;
				SDKROOT = macosx;
				SWIFT_OPTIMIZATION_LEVEL = "-Owholemodule";
			};
			name = Release;
		};
		E30327572038B70900762266 /* Debug */ = {
			isa = XCBuildConfiguration;
			baseConfigurationReference = 11F75007D7A439C975BC86F8 /* Pods-CircleTicket.debug.xcconfig */;
			buildSettings = {
				ASSETCATALOG_COMPILER_APPICON_NAME = AppIcon;
				CODE_SIGN_ENTITLEMENTS = "";
				CODE_SIGN_IDENTITY = "Mac Developer";
				CODE_SIGN_STYLE = Automatic;
				COMBINE_HIDPI_IMAGES = YES;
				DEVELOPMENT_TEAM = 88L423F77J;
				INFOPLIST_FILE = CircleTicket/Info.plist;
				LD_RUNPATH_SEARCH_PATHS = "$(inherited) @executable_path/../Frameworks";
				PRODUCT_BUNDLE_IDENTIFIER = com.natalii.CircleTicket;
				PRODUCT_NAME = "$(TARGET_NAME)";
				PROVISIONING_PROFILE_SPECIFIER = "";
				SWIFT_VERSION = 4.0;
			};
			name = Debug;
		};
		E30327582038B70900762266 /* Release */ = {
			isa = XCBuildConfiguration;
			baseConfigurationReference = 7ED1338D08C129F85A21E6B2 /* Pods-CircleTicket.release.xcconfig */;
			buildSettings = {
				ASSETCATALOG_COMPILER_APPICON_NAME = AppIcon;
				CODE_SIGN_ENTITLEMENTS = "";
				CODE_SIGN_IDENTITY = "Mac Developer";
				CODE_SIGN_STYLE = Automatic;
				COMBINE_HIDPI_IMAGES = YES;
				DEVELOPMENT_TEAM = 88L423F77J;
				INFOPLIST_FILE = CircleTicket/Info.plist;
				LD_RUNPATH_SEARCH_PATHS = "$(inherited) @executable_path/../Frameworks";
				PRODUCT_BUNDLE_IDENTIFIER = com.natalii.CircleTicket;
				PRODUCT_NAME = "$(TARGET_NAME)";
				PROVISIONING_PROFILE_SPECIFIER = "";
				SWIFT_VERSION = 4.0;
			};
			name = Release;
		};
/* End XCBuildConfiguration section */

/* Begin XCConfigurationList section */
		E30327412038B70900762266 /* Build configuration list for PBXProject "CircleTicket" */ = {
			isa = XCConfigurationList;
			buildConfigurations = (
				E30327542038B70900762266 /* Debug */,
				E30327552038B70900762266 /* Release */,
			);
			defaultConfigurationIsVisible = 0;
			defaultConfigurationName = Release;
		};
		E30327562038B70900762266 /* Build configuration list for PBXNativeTarget "CircleTicket" */ = {
			isa = XCConfigurationList;
			buildConfigurations = (
				E30327572038B70900762266 /* Debug */,
				E30327582038B70900762266 /* Release */,
			);
			defaultConfigurationIsVisible = 0;
			defaultConfigurationName = Release;
		};
/* End XCConfigurationList section */
	};
	rootObject = E303273E2038B70900762266 /* Project object */;
}
